
Microsoft Visual Studio Solution File, Format Version 12.00
# Visual Studio Version 17
VisualStudioVersion = 17.5.33627.172
MinimumVisualStudioVersion = 10.0.40219.1
Project("{9A19103F-16F7-4668-BE54-9A1E7A4F7556}") = "IOCMainProgram", "IOC_MainProgram\IOCMainProgram.csproj", "{4F24C862-A003-4AFF-AF21-65DF5265F2C6}"
EndProject
Project("{FAE04EC0-301F-11D3-BF4B-00C04F79EFBC}") = "DatabaseHandler", "DatabaseHandler\DatabaseHandler.csproj", "{BEF9C722-132A-46A6-AD11-5440D8982415}"
EndProject
Project("{FAE04EC0-301F-11D3-BF4B-00C04F79EFBC}") = "FileSystemManager", "FileSystemManager\FileSystemManager.csproj", "{DC779855-1816-4D8D-B88F-0FF9BC73C711}"
EndProject
Project("{FAE04EC0-301F-11D3-BF4B-00C04F79EFBC}") = "CSVConverter", "CSVConverter\CSVConverter.csproj", "{69CA3F72-F8EE-40D9-A3C4-F4EC395A7C4B}"
EndProject
Global
	GlobalSection(SolutionConfigurationPlatforms) = preSolution
		Debug|Any CPU = Debug|Any CPU
		Release|Any CPU = Release|Any CPU
	EndGlobalSection
	GlobalSection(ProjectConfigurationPlatforms) = postSolution
		{4F24C862-A003-4AFF-AF21-65DF5265F2C6}.Debug|Any CPU.ActiveCfg = Debug|Any CPU
		{4F24C862-A003-4AFF-AF21-65DF5265F2C6}.Debug|Any CPU.Build.0 = Debug|Any CPU
		{4F24C862-A003-4AFF-AF21-65DF5265F2C6}.Release|Any CPU.ActiveCfg = Release|Any CPU
		{4F24C862-A003-4AFF-AF21-65DF5265F2C6}.Release|Any CPU.Build.0 = Release|Any CPU
		{BEF9C722-132A-46A6-AD11-5440D8982415}.Debug|Any CPU.ActiveCfg = Debug|Any CPU
		{BEF9C722-132A-46A6-AD11-5440D8982415}.Debug|Any CPU.Build.0 = Debug|Any CPU
		{BEF9C722-132A-46A6-AD11-5440D8982415}.Release|Any CPU.ActiveCfg = Release|Any CPU
		{BEF9C722-132A-46A6-AD11-5440D8982415}.Release|Any CPU.Build.0 = Release|Any CPU
		{DC779855-1816-4D8D-B88F-0FF9BC73C711}.Debug|Any CPU.ActiveCfg = Debug|Any CPU
		{DC779855-1816-4D8D-B88F-0FF9BC73C711}.Debug|Any CPU.Build.0 = Debug|Any CPU
		{DC779855-1816-4D8D-B88F-0FF9BC73C711}.Release|Any CPU.ActiveCfg = Release|Any CPU
		{DC779855-1816-4D8D-B88F-0FF9BC73C711}.Release|Any CPU.Build.0 = Release|Any CPU
		{69CA3F72-F8EE-40D9-A3C4-F4EC395A7C4B}.Debug|Any CPU.ActiveCfg = Debug|Any CPU
		{69CA3F72-F8EE-40D9-A3C4-F4EC395A7C4B}.Debug|Any CPU.Build.0 = Debug|Any CPU
		{69CA3F72-F8EE-40D9-A3C4-F4EC395A7C4B}.Release|Any CPU.ActiveCfg = Release|Any CPU
		{69CA3F72-F8EE-40D9-A3C4-F4EC395A7C4B}.Release|Any CPU.Build.0 = Release|Any CPU
	EndGlobalSection
	GlobalSection(SolutionProperties) = preSolution
		HideSolutionNode = FALSE
	EndGlobalSection
	GlobalSection(ExtensibilityGlobals) = postSolution
		SolutionGuid = {9045EB3B-ED82-49B4-AC77-5AEEAEFEB068}
	EndGlobalSection
EndGlobal
